{
  "version": "4",
  "specifiers": {
    "jsr:@luca/esbuild-deno-loader@*": "0.11.1",
    "jsr:@luca/esbuild-deno-loader@0.11": "0.11.1",
    "jsr:@std/bytes@^1.0.2": "1.0.5",
    "jsr:@std/bytes@^1.0.5": "1.0.5",
    "jsr:@std/crypto@^1.0.4": "1.0.4",
    "jsr:@std/encoding@^1.0.5": "1.0.8",
    "jsr:@std/path@^1.0.6": "1.0.8",
    "jsr:@std/uuid@^1.0.4": "1.0.6",
    "npm:esbuild@*": "0.25.1",
    "npm:esbuild@~0.25.1": "0.25.1",
    "npm:react-github-button@~0.1.11": "0.1.11"
  },
  "jsr": {
    "@luca/esbuild-deno-loader@0.11.1": {
      "integrity": "dc020d16d75b591f679f6b9288b10f38bdb4f24345edb2f5732affa1d9885267",
      "dependencies": [
        "jsr:@std/bytes@^1.0.2",
        "jsr:@std/encoding",
        "jsr:@std/path"
      ]
    },
    "@std/bytes@1.0.5": {
      "integrity": "4465dd739d7963d964c809202ebea6d5c6b8e3829ef25c6a224290fbb8a1021e"
    },
    "@std/crypto@1.0.4": {
      "integrity": "cee245c453bd5366207f4d8aa25ea3e9c86cecad2be3fefcaa6cb17203d79340"
    },
    "@std/encoding@1.0.8": {
      "integrity": "a6c8f3f933ab1bed66244f435d1dc0fd23a888e07195532122ddc3d5f8f0e6b4"
    },
    "@std/path@1.0.8": {
      "integrity": "548fa456bb6a04d3c1a1e7477986b6cffbce95102d0bb447c67c4ee70e0364be"
    },
    "@std/uuid@1.0.6": {
      "integrity": "f3ca728cad488a4bed271974e43721c379ad25a0ae17be7967edee036beba9c5",
      "dependencies": [
        "jsr:@std/bytes@^1.0.5",
        "jsr:@std/crypto"
      ]
    }
  },
  "npm": {
    "@esbuild/aix-ppc64@0.25.1": {
      "integrity": "sha512-kfYGy8IdzTGy+z0vFGvExZtxkFlA4zAxgKEahG9KE1ScBjpQnFsNOX8KTU5ojNru5ed5CVoJYXFtoxaq5nFbjQ=="
    },
    "@esbuild/android-arm64@0.25.1": {
      "integrity": "sha512-50tM0zCJW5kGqgG7fQ7IHvQOcAn9TKiVRuQ/lN0xR+T2lzEFvAi1ZcS8DiksFcEpf1t/GYOeOfCAgDHFpkiSmA=="
    },
    "@esbuild/android-arm@0.25.1": {
      "integrity": "sha512-dp+MshLYux6j/JjdqVLnMglQlFu+MuVeNrmT5nk6q07wNhCdSnB7QZj+7G8VMUGh1q+vj2Bq8kRsuyA00I/k+Q=="
    },
    "@esbuild/android-x64@0.25.1": {
      "integrity": "sha512-GCj6WfUtNldqUzYkN/ITtlhwQqGWu9S45vUXs7EIYf+7rCiiqH9bCloatO9VhxsL0Pji+PF4Lz2XXCES+Q8hDw=="
    },
    "@esbuild/darwin-arm64@0.25.1": {
      "integrity": "sha512-5hEZKPf+nQjYoSr/elb62U19/l1mZDdqidGfmFutVUjjUZrOazAtwK+Kr+3y0C/oeJfLlxo9fXb1w7L+P7E4FQ=="
    },
    "@esbuild/darwin-x64@0.25.1": {
      "integrity": "sha512-hxVnwL2Dqs3fM1IWq8Iezh0cX7ZGdVhbTfnOy5uURtao5OIVCEyj9xIzemDi7sRvKsuSdtCAhMKarxqtlyVyfA=="
    },
    "@esbuild/freebsd-arm64@0.25.1": {
      "integrity": "sha512-1MrCZs0fZa2g8E+FUo2ipw6jw5qqQiH+tERoS5fAfKnRx6NXH31tXBKI3VpmLijLH6yriMZsxJtaXUyFt/8Y4A=="
    },
    "@esbuild/freebsd-x64@0.25.1": {
      "integrity": "sha512-0IZWLiTyz7nm0xuIs0q1Y3QWJC52R8aSXxe40VUxm6BB1RNmkODtW6LHvWRrGiICulcX7ZvyH6h5fqdLu4gkww=="
    },
    "@esbuild/linux-arm64@0.25.1": {
      "integrity": "sha512-jaN3dHi0/DDPelk0nLcXRm1q7DNJpjXy7yWaWvbfkPvI+7XNSc/lDOnCLN7gzsyzgu6qSAmgSvP9oXAhP973uQ=="
    },
    "@esbuild/linux-arm@0.25.1": {
      "integrity": "sha512-NdKOhS4u7JhDKw9G3cY6sWqFcnLITn6SqivVArbzIaf3cemShqfLGHYMx8Xlm/lBit3/5d7kXvriTUGa5YViuQ=="
    },
    "@esbuild/linux-ia32@0.25.1": {
      "integrity": "sha512-OJykPaF4v8JidKNGz8c/q1lBO44sQNUQtq1KktJXdBLn1hPod5rE/Hko5ugKKZd+D2+o1a9MFGUEIUwO2YfgkQ=="
    },
    "@esbuild/linux-loong64@0.25.1": {
      "integrity": "sha512-nGfornQj4dzcq5Vp835oM/o21UMlXzn79KobKlcs3Wz9smwiifknLy4xDCLUU0BWp7b/houtdrgUz7nOGnfIYg=="
    },
    "@esbuild/linux-mips64el@0.25.1": {
      "integrity": "sha512-1osBbPEFYwIE5IVB/0g2X6i1qInZa1aIoj1TdL4AaAb55xIIgbg8Doq6a5BzYWgr+tEcDzYH67XVnTmUzL+nXg=="
    },
    "@esbuild/linux-ppc64@0.25.1": {
      "integrity": "sha512-/6VBJOwUf3TdTvJZ82qF3tbLuWsscd7/1w+D9LH0W/SqUgM5/JJD0lrJ1fVIfZsqB6RFmLCe0Xz3fmZc3WtyVg=="
    },
    "@esbuild/linux-riscv64@0.25.1": {
      "integrity": "sha512-nSut/Mx5gnilhcq2yIMLMe3Wl4FK5wx/o0QuuCLMtmJn+WeWYoEGDN1ipcN72g1WHsnIbxGXd4i/MF0gTcuAjQ=="
    },
    "@esbuild/linux-s390x@0.25.1": {
      "integrity": "sha512-cEECeLlJNfT8kZHqLarDBQso9a27o2Zd2AQ8USAEoGtejOrCYHNtKP8XQhMDJMtthdF4GBmjR2au3x1udADQQQ=="
    },
    "@esbuild/linux-x64@0.25.1": {
      "integrity": "sha512-xbfUhu/gnvSEg+EGovRc+kjBAkrvtk38RlerAzQxvMzlB4fXpCFCeUAYzJvrnhFtdeyVCDANSjJvOvGYoeKzFA=="
    },
    "@esbuild/netbsd-arm64@0.25.1": {
      "integrity": "sha512-O96poM2XGhLtpTh+s4+nP7YCCAfb4tJNRVZHfIE7dgmax+yMP2WgMd2OecBuaATHKTHsLWHQeuaxMRnCsH8+5g=="
    },
    "@esbuild/netbsd-x64@0.25.1": {
      "integrity": "sha512-X53z6uXip6KFXBQ+Krbx25XHV/NCbzryM6ehOAeAil7X7oa4XIq+394PWGnwaSQ2WRA0KI6PUO6hTO5zeF5ijA=="
    },
    "@esbuild/openbsd-arm64@0.25.1": {
      "integrity": "sha512-Na9T3szbXezdzM/Kfs3GcRQNjHzM6GzFBeU1/6IV/npKP5ORtp9zbQjvkDJ47s6BCgaAZnnnu/cY1x342+MvZg=="
    },
    "@esbuild/openbsd-x64@0.25.1": {
      "integrity": "sha512-T3H78X2h1tszfRSf+txbt5aOp/e7TAz3ptVKu9Oyir3IAOFPGV6O9c2naym5TOriy1l0nNf6a4X5UXRZSGX/dw=="
    },
    "@esbuild/sunos-x64@0.25.1": {
      "integrity": "sha512-2H3RUvcmULO7dIE5EWJH8eubZAI4xw54H1ilJnRNZdeo8dTADEZ21w6J22XBkXqGJbe0+wnNJtw3UXRoLJnFEg=="
    },
    "@esbuild/win32-arm64@0.25.1": {
      "integrity": "sha512-GE7XvrdOzrb+yVKB9KsRMq+7a2U/K5Cf/8grVFRAGJmfADr/e/ODQ134RK2/eeHqYV5eQRFxb1hY7Nr15fv1NQ=="
    },
    "@esbuild/win32-ia32@0.25.1": {
      "integrity": "sha512-uOxSJCIcavSiT6UnBhBzE8wy3n0hOkJsBOzy7HDAuTDE++1DJMRRVCPGisULScHL+a/ZwdXPpXD3IyFKjA7K8A=="
    },
    "@esbuild/win32-x64@0.25.1": {
      "integrity": "sha512-Y1EQdcfwMSeQN/ujR5VayLOJ1BHaK+ssyk0AEzPjC+t1lITgsnccPqFjb6V+LsTp/9Iov4ysfjxLaGJ9RPtkVg=="
    },
    "esbuild@0.25.1": {
      "integrity": "sha512-BGO5LtrGC7vxnqucAe/rmvKdJllfGaYWdyABvyMoXQlfYMb2bbRuReWR5tEGE//4LcNJj9XrkovTqNYRFZHAMQ==",
      "dependencies": [
        "@esbuild/aix-ppc64",
        "@esbuild/android-arm",
        "@esbuild/android-arm64",
        "@esbuild/android-x64",
        "@esbuild/darwin-arm64",
        "@esbuild/darwin-x64",
        "@esbuild/freebsd-arm64",
        "@esbuild/freebsd-x64",
        "@esbuild/linux-arm",
        "@esbuild/linux-arm64",
        "@esbuild/linux-ia32",
        "@esbuild/linux-loong64",
        "@esbuild/linux-mips64el",
        "@esbuild/linux-ppc64",
        "@esbuild/linux-riscv64",
        "@esbuild/linux-s390x",
        "@esbuild/linux-x64",
        "@esbuild/netbsd-arm64",
        "@esbuild/netbsd-x64",
        "@esbuild/openbsd-arm64",
        "@esbuild/openbsd-x64",
        "@esbuild/sunos-x64",
        "@esbuild/win32-arm64",
        "@esbuild/win32-ia32",
        "@esbuild/win32-x64"
      ]
    },
    "js-tokens@4.0.0": {
      "integrity": "sha512-RdJUflcE3cUzKiMqQgsCu06FPu9UdIJO0beYbPhHN4k6apgJtifcoCtT9bcxOpYBtpD2kCM6Sbzg4CausW/PKQ=="
    },
    "loose-envify@1.4.0": {
      "integrity": "sha512-lyuxPGr/Wfhrlem2CL/UcnUc1zcqKAImBDzukY7Y5F/yQiNdko6+fRLevlw1HgMySw7f611UIY408EtxRSoK3Q==",
      "dependencies": [
        "js-tokens"
      ]
    },
    "object-assign@4.1.1": {
      "integrity": "sha512-rJgTQnkUnH1sFw8yT6VSU3zD3sWmu6sZhIseY8VX+GRu3P6F7Fu+JNDoXfklElbLJSnc3FUQHVe4cU5hj+BcUg=="
    },
    "prop-types@15.8.1": {
      "integrity": "sha512-oj87CgZICdulUohogVAR7AjlC0327U4el4L6eAvOqCeudMDVU0NThNaV+b9Df4dXgSP1gXMTnPdhfe/2qDH5cg==",
      "dependencies": [
        "loose-envify",
        "object-assign",
        "react-is"
      ]
    },
    "react-github-button@0.1.11": {
      "integrity": "sha512-KL/kieQiR5DXd1RxWMegr4Igyz9+Lm6ZVwjpN5rQyttz/sdEq8DF1R/vzLl2f58nChJe0sKE3U3A7QRK+Zb01w==",
      "dependencies": [
        "prop-types"
      ]
    },
    "react-is@16.13.1": {
      "integrity": "sha512-24e6ynE2H+OKt4kqsOvNd8kBpV65zoxbA4BVsEOB3ARVWQki/DHzaUoC5KuON/BiccDaCCTZBuOcfZs70kR8bQ=="
    }
  },
  "redirects": {
    "https://esm.sh/scheduler@^0.23.0?target=denonext": "https://esm.sh/scheduler@0.23.2?target=denonext"
  },
  "remote": {
    "https://esm.sh/react-dom@18.2.0/client/": "f43f7bb47905958ce487302ca818ba5a845a6029daa7ea22ef097a575b72045b",
    "https://esm.sh/react-dom@18.2.0/denonext/client.mjs": "647e3a3f2d666d6201c41113844726e0f5abaaab5e5fefad4ce497b4f9090d63",
    "https://esm.sh/react-dom@18.2.0/denonext/react-dom.mjs": "f77c94bf8c2af4e2c863f5c9d2bec24967bbb8cf759d4747961e063fa1479ffb",
    "https://esm.sh/react@18.2.0": "fed8aeb7d240bb42a2167c9c7c6e842e128c7630cbcb08c4d61c9c1926f89c75",
    "https://esm.sh/react@18.2.0/denonext/react.mjs": "a986c2876dc2f73879f395e677dc34cb751f260e69db16364810655f884df173",
    "https://esm.sh/scheduler@0.23.2/denonext/scheduler.mjs": "8a1a8a363eb417fc8d40f6b15132e8964320782d7169e68fc6ac98b8b8c201eb",
    "https://esm.sh/scheduler@0.23.2?target=denonext": "5f446c6d28a83c4c3905e964a311ac654bf1b1993bb6647ee731a592068d5a1a"
  },
  "workspace": {
    "dependencies": [
      "jsr:@luca/esbuild-deno-loader@0.11",
      "jsr:@std/uuid@^1.0.4",
      "npm:esbuild@~0.25.1",
      "npm:react-github-button@~0.1.11"
    ]
  }
}
